
Microsoft Visual Studio Solution File, Format Version 12.00
# Visual Studio Version 17
VisualStudioVersion = 17.14.36401.2 d17.14
MinimumVisualStudioVersion = 10.0.40219.1
Project("{FAE04EC0-301F-11D3-BF4B-00C04F79EFBC}") = "InventarioApi", "InventarioApi.csproj", "{2343FD0D-A1BA-45BE-9E06-99C831944AFF}"
EndProject
Global
	GlobalSection(SolutionConfigurationPlatforms) = preSolution
		Debug|Any CPU = Debug|Any CPU
		Release|Any CPU = Release|Any CPU
	EndGlobalSection
	GlobalSection(ProjectConfigurationPlatforms) = postSolution
		{2343FD0D-A1BA-45BE-9E06-99C831944AFF}.Debug|Any CPU.ActiveCfg = Debug|Any CPU
		{2343FD0D-A1BA-45BE-9E06-99C831944AFF}.Debug|Any CPU.Build.0 = Debug|Any CPU
		{2343FD0D-A1BA-45BE-9E06-99C831944AFF}.Release|Any CPU.ActiveCfg = Release|Any CPU
		{2343FD0D-A1BA-45BE-9E06-99C831944AFF}.Release|Any CPU.Build.0 = Release|Any CPU
	EndGlobalSection
	GlobalSection(SolutionProperties) = preSolution
		HideSolutionNode = FALSE
	EndGlobalSection
	GlobalSection(ExtensibilityGlobals) = postSolution
		SolutionGuid = {5AD4A744-8185-4CB6-989F-D708FE936746}
	EndGlobalSection
EndGlobal
